
Microsoft Visual Studio Solution File, Format Version 12.00
# Visual Studio Version 17
VisualStudioVersion = 17.2.32630.192
MinimumVisualStudioVersion = 10.0.40219.1
Project("{FAE04EC0-301F-11D3-BF4B-00C04F79EFBC}") = "Inheritance", "Inheritance\Inheritance.csproj", "{8BB19B4E-7253-4694-8B27-C65D5AD1450C}"
EndProject
Global
	GlobalSection(SolutionConfigurationPlatforms) = preSolution
		Debug|Any CPU = Debug|Any CPU
		Release|Any CPU = Release|Any CPU
	EndGlobalSection
	GlobalSection(ProjectConfigurationPlatforms) = postSolution
		{8BB19B4E-7253-4694-8B27-C65D5AD1450C}.Debug|Any CPU.ActiveCfg = Debug|Any CPU
		{8BB19B4E-7253-4694-8B27-C65D5AD1450C}.Debug|Any CPU.Build.0 = Debug|Any CPU
		{8BB19B4E-7253-4694-8B27-C65D5AD1450C}.Release|Any CPU.ActiveCfg = Release|Any CPU
		{8BB19B4E-7253-4694-8B27-C65D5AD1450C}.Release|Any CPU.Build.0 = Release|Any CPU
	EndGlobalSection
	GlobalSection(SolutionProperties) = preSolution
		HideSolutionNode = FALSE
	EndGlobalSection
	GlobalSection(ExtensibilityGlobals) = postSolution
		SolutionGuid = {EC5400C4-587C-4BB8-B0E9-CABF66CAEE87}
	EndGlobalSection
EndGlobal
